// !$*UTF8*$!
{
	archiveVersion = 1;
	classes = {
	};
	objectVersion = 55;
	objects = {

/* Begin PBXBuildFile section */
		62FF84F5270C4B1600DFF70D /* XPLRRApp.swift in Sources */ = {isa = PBXBuildFile; fileRef = 62FF84F4270C4B1600DFF70D /* XPLRRApp.swift */; };
		62FF84F7270C4B1600DFF70D /* PlaceListsView.swift in Sources */ = {isa = PBXBuildFile; fileRef = 62FF84F6270C4B1600DFF70D /* PlaceListsView.swift */; };
		62FF84F9270C4B1900DFF70D /* Assets.xcassets in Resources */ = {isa = PBXBuildFile; fileRef = 62FF84F8270C4B1900DFF70D /* Assets.xcassets */; };
		62FF84FC270C4B1900DFF70D /* Preview Assets.xcassets in Resources */ = {isa = PBXBuildFile; fileRef = 62FF84FB270C4B1900DFF70D /* Preview Assets.xcassets */; };
		62FF8503270C4C3E00DFF70D /* PlaceList.swift in Sources */ = {isa = PBXBuildFile; fileRef = 62FF8502270C4C3E00DFF70D /* PlaceList.swift */; };
		62FF8505270C4C8300DFF70D /* Place.swift in Sources */ = {isa = PBXBuildFile; fileRef = 62FF8504270C4C8300DFF70D /* Place.swift */; };
		62FF8507270C4CE800DFF70D /* Database.swift in Sources */ = {isa = PBXBuildFile; fileRef = 62FF8506270C4CE800DFF70D /* Database.swift */; };
		62FF850C270C4DF200DFF70D /* GooglePlaces in Frameworks */ = {isa = PBXBuildFile; productRef = 62FF850B270C4DF200DFF70D /* GooglePlaces */; };
		62FF850E270C4EA500DFF70D /* PlaceAPI.swift in Sources */ = {isa = PBXBuildFile; fileRef = 62FF850D270C4EA500DFF70D /* PlaceAPI.swift */; };
		62FF8510270C53CA00DFF70D /* PlaceSearchView.swift in Sources */ = {isa = PBXBuildFile; fileRef = 62FF850F270C53CA00DFF70D /* PlaceSearchView.swift */; };
		62FF8512270C53F000DFF70D /* PlaceType.swift in Sources */ = {isa = PBXBuildFile; fileRef = 62FF8511270C53F000DFF70D /* PlaceType.swift */; };
		62FF8514270C581000DFF70D /* RaisedButtonStyle.swift in Sources */ = {isa = PBXBuildFile; fileRef = 62FF8513270C581000DFF70D /* RaisedButtonStyle.swift */; };
		62FF8516270C59AE00DFF70D /* LoadingView.swift in Sources */ = {isa = PBXBuildFile; fileRef = 62FF8515270C59AE00DFF70D /* LoadingView.swift */; };
		62FF8518270C5F5800DFF70D /* ListDetailView.swift in Sources */ = {isa = PBXBuildFile; fileRef = 62FF8517270C5F5800DFF70D /* ListDetailView.swift */; };
		62FF851A270C604100DFF70D /* PlaceDetailView.swift in Sources */ = {isa = PBXBuildFile; fileRef = 62FF8519270C604100DFF70D /* PlaceDetailView.swift */; };
		62FF851C270C63AF00DFF70D /* VisitedPlace.swift in Sources */ = {isa = PBXBuildFile; fileRef = 62FF851B270C63AF00DFF70D /* VisitedPlace.swift */; };
		62FF851E270C63E100DFF70D /* VisitedPlaceList.swift in Sources */ = {isa = PBXBuildFile; fileRef = 62FF851D270C63E100DFF70D /* VisitedPlaceList.swift */; };
		62FF8520270C64F300DFF70D /* Visit.swift in Sources */ = {isa = PBXBuildFile; fileRef = 62FF851F270C64F300DFF70D /* Visit.swift */; };
		62FF8522270C7D9200DFF70D /* VisitedPlaceListRow.swift in Sources */ = {isa = PBXBuildFile; fileRef = 62FF8521270C7D9200DFF70D /* VisitedPlaceListRow.swift */; };
		62FF852A270C833400DFF70D /* Secrets.swift in Sources */ = {isa = PBXBuildFile; fileRef = 62FF8529270C833400DFF70D /* Secrets.swift */; };
/* End PBXBuildFile section */

/* Begin PBXFileReference section */
		62FF84F1270C4B1600DFF70D /* XPLRR.app */ = {isa = PBXFileReference; explicitFileType = wrapper.application; includeInIndex = 0; path = XPLRR.app; sourceTree = BUILT_PRODUCTS_DIR; };
		62FF84F4270C4B1600DFF70D /* XPLRRApp.swift */ = {isa = PBXFileReference; lastKnownFileType = sourcecode.swift; path = XPLRRApp.swift; sourceTree = "<group>"; };
		62FF84F6270C4B1600DFF70D /* PlaceListsView.swift */ = {isa = PBXFileReference; lastKnownFileType = sourcecode.swift; path = PlaceListsView.swift; sourceTree = "<group>"; };
		62FF84F8270C4B1900DFF70D /* Assets.xcassets */ = {isa = PBXFileReference; lastKnownFileType = folder.assetcatalog; path = Assets.xcassets; sourceTree = "<group>"; };
		62FF84FB270C4B1900DFF70D /* Preview Assets.xcassets */ = {isa = PBXFileReference; lastKnownFileType = folder.assetcatalog; path = "Preview Assets.xcassets"; sourceTree = "<group>"; };
		62FF8502270C4C3E00DFF70D /* PlaceList.swift */ = {isa = PBXFileReference; lastKnownFileType = sourcecode.swift; path = PlaceList.swift; sourceTree = "<group>"; };
		62FF8504270C4C8300DFF70D /* Place.swift */ = {isa = PBXFileReference; lastKnownFileType = sourcecode.swift; path = Place.swift; sourceTree = "<group>"; };
		62FF8506270C4CE800DFF70D /* Database.swift */ = {isa = PBXFileReference; lastKnownFileType = sourcecode.swift; path = Database.swift; sourceTree = "<group>"; };
		62FF850D270C4EA500DFF70D /* PlaceAPI.swift */ = {isa = PBXFileReference; lastKnownFileType = sourcecode.swift; path = PlaceAPI.swift; sourceTree = "<group>"; };
		62FF850F270C53CA00DFF70D /* PlaceSearchView.swift */ = {isa = PBXFileReference; lastKnownFileType = sourcecode.swift; path = PlaceSearchView.swift; sourceTree = "<group>"; };
		62FF8511270C53F000DFF70D /* PlaceType.swift */ = {isa = PBXFileReference; lastKnownFileType = sourcecode.swift; path = PlaceType.swift; sourceTree = "<group>"; };
		62FF8513270C581000DFF70D /* RaisedButtonStyle.swift */ = {isa = PBXFileReference; lastKnownFileType = sourcecode.swift; path = RaisedButtonStyle.swift; sourceTree = "<group>"; };
		62FF8515270C59AE00DFF70D /* LoadingView.swift */ = {isa = PBXFileReference; lastKnownFileType = sourcecode.swift; path = LoadingView.swift; sourceTree = "<group>"; };
		62FF8517270C5F5800DFF70D /* ListDetailView.swift */ = {isa = PBXFileReference; lastKnownFileType = sourcecode.swift; path = ListDetailView.swift; sourceTree = "<group>"; };
		62FF8519270C604100DFF70D /* PlaceDetailView.swift */ = {isa = PBXFileReference; lastKnownFileType = sourcecode.swift; path = PlaceDetailView.swift; sourceTree = "<group>"; };
		62FF851B270C63AF00DFF70D /* VisitedPlace.swift */ = {isa = PBXFileReference; lastKnownFileType = sourcecode.swift; path = VisitedPlace.swift; sourceTree = "<group>"; };
		62FF851D270C63E100DFF70D /* VisitedPlaceList.swift */ = {isa = PBXFileReference; lastKnownFileType = sourcecode.swift; path = VisitedPlaceList.swift; sourceTree = "<group>"; };
		62FF851F270C64F300DFF70D /* Visit.swift */ = {isa = PBXFileReference; lastKnownFileType = sourcecode.swift; path = Visit.swift; sourceTree = "<group>"; };
		62FF8521270C7D9200DFF70D /* VisitedPlaceListRow.swift */ = {isa = PBXFileReference; lastKnownFileType = sourcecode.swift; path = VisitedPlaceListRow.swift; sourceTree = "<group>"; };
		62FF8529270C833400DFF70D /* Secrets.swift */ = {isa = PBXFileReference; lastKnownFileType = sourcecode.swift; path = Secrets.swift; sourceTree = "<group>"; };
/* End PBXFileReference section */

/* Begin PBXFrameworksBuildPhase section */
		62FF84EE270C4B1600DFF70D /* Frameworks */ = {
			isa = PBXFrameworksBuildPhase;
			buildActionMask = 2147483647;
			files = (
				62FF850C270C4DF200DFF70D /* GooglePlaces in Frameworks */,
			);
			runOnlyForDeploymentPostprocessing = 0;
		};
/* End PBXFrameworksBuildPhase section */

/* Begin PBXGroup section */
		62FF84E8270C4B1600DFF70D = {
			isa = PBXGroup;
			children = (
				62FF84F3270C4B1600DFF70D /* XPLRR */,
				62FF84F2270C4B1600DFF70D /* Products */,
			);
			sourceTree = "<group>";
		};
		62FF84F2270C4B1600DFF70D /* Products */ = {
			isa = PBXGroup;
			children = (
				62FF84F1270C4B1600DFF70D /* XPLRR.app */,
			);
			name = Products;
			sourceTree = "<group>";
		};
		62FF84F3270C4B1600DFF70D /* XPLRR */ = {
			isa = PBXGroup;
			children = (
				62FF84F4270C4B1600DFF70D /* XPLRRApp.swift */,
				62FF8529270C833400DFF70D /* Secrets.swift */,
				62FF8523270C814500DFF70D /* Screens */,
				62FF8524270C814F00DFF70D /* Views */,
				62FF8525270C816000DFF70D /* Model */,
				62FF84F8270C4B1900DFF70D /* Assets.xcassets */,
				62FF84FA270C4B1900DFF70D /* Preview Content */,
			);
			path = XPLRR;
			sourceTree = "<group>";
		};
		62FF84FA270C4B1900DFF70D /* Preview Content */ = {
			isa = PBXGroup;
			children = (
				62FF84FB270C4B1900DFF70D /* Preview Assets.xcassets */,
			);
			path = "Preview Content";
			sourceTree = "<group>";
		};
		62FF8523270C814500DFF70D /* Screens */ = {
			isa = PBXGroup;
			children = (
				62FF84F6270C4B1600DFF70D /* PlaceListsView.swift */,
				62FF8517270C5F5800DFF70D /* ListDetailView.swift */,
				62FF8519270C604100DFF70D /* PlaceDetailView.swift */,
				62FF850F270C53CA00DFF70D /* PlaceSearchView.swift */,
			);
			path = Screens;
			sourceTree = "<group>";
		};
		62FF8524270C814F00DFF70D /* Views */ = {
			isa = PBXGroup;
			children = (
				62FF8521270C7D9200DFF70D /* VisitedPlaceListRow.swift */,
				62FF8515270C59AE00DFF70D /* LoadingView.swift */,
				62FF8513270C581000DFF70D /* RaisedButtonStyle.swift */,
			);
			path = Views;
			sourceTree = "<group>";
		};
		62FF8525270C816000DFF70D /* Model */ = {
			isa = PBXGroup;
			children = (
				62FF850D270C4EA500DFF70D /* PlaceAPI.swift */,
				62FF8506270C4CE800DFF70D /* Database.swift */,
				62FF8526270C816B00DFF70D /* List */,
				62FF8527270C817200DFF70D /* Place */,
				62FF8528270C818100DFF70D /* Visit */,
			);
			path = Model;
			sourceTree = "<group>";
		};
		62FF8526270C816B00DFF70D /* List */ = {
			isa = PBXGroup;
			children = (
				62FF8502270C4C3E00DFF70D /* PlaceList.swift */,
				62FF851D270C63E100DFF70D /* VisitedPlaceList.swift */,
			);
			path = List;
			sourceTree = "<group>";
		};
		62FF8527270C817200DFF70D /* Place */ = {
			isa = PBXGroup;
			children = (
				62FF8511270C53F000DFF70D /* PlaceType.swift */,
				62FF8504270C4C8300DFF70D /* Place.swift */,
				62FF851B270C63AF00DFF70D /* VisitedPlace.swift */,
			);
			path = Place;
			sourceTree = "<group>";
		};
		62FF8528270C818100DFF70D /* Visit */ = {
			isa = PBXGroup;
			children = (
				62FF851F270C64F300DFF70D /* Visit.swift */,
			);
			path = Visit;
			sourceTree = "<group>";
		};
/* End PBXGroup section */

/* Begin PBXNativeTarget section */
		62FF84F0270C4B1600DFF70D /* XPLRR */ = {
			isa = PBXNativeTarget;
			buildConfigurationList = 62FF84FF270C4B1900DFF70D /* Build configuration list for PBXNativeTarget "XPLRR" */;
			buildPhases = (
				62FF84ED270C4B1600DFF70D /* Sources */,
				62FF84EE270C4B1600DFF70D /* Frameworks */,
				62FF84EF270C4B1600DFF70D /* Resources */,
			);
			buildRules = (
			);
			dependencies = (
			);
			name = XPLRR;
			packageProductDependencies = (
				62FF850B270C4DF200DFF70D /* GooglePlaces */,
			);
			productName = XPLRR;
			productReference = 62FF84F1270C4B1600DFF70D /* XPLRR.app */;
			productType = "com.apple.product-type.application";
		};
/* End PBXNativeTarget section */

/* Begin PBXProject section */
		62FF84E9270C4B1600DFF70D /* Project object */ = {
			isa = PBXProject;
			attributes = {
				BuildIndependentTargetsInParallel = 1;
				LastSwiftUpdateCheck = 1300;
				LastUpgradeCheck = 1300;
				TargetAttributes = {
					62FF84F0270C4B1600DFF70D = {
						CreatedOnToolsVersion = 13.0;
					};
				};
			};
			buildConfigurationList = 62FF84EC270C4B1600DFF70D /* Build configuration list for PBXProject "XPLRR" */;
			compatibilityVersion = "Xcode 13.0";
			developmentRegion = en;
			hasScannedForEncodings = 0;
			knownRegions = (
				en,
				Base,
			);
			mainGroup = 62FF84E8270C4B1600DFF70D;
			packageReferences = (
				62FF850A270C4DF200DFF70D /* XCRemoteSwiftPackageReference "GoogleMaps-SP" */,
			);
			productRefGroup = 62FF84F2270C4B1600DFF70D /* Products */;
			projectDirPath = "";
			projectRoot = "";
			targets = (
				62FF84F0270C4B1600DFF70D /* XPLRR */,
			);
		};
/* End PBXProject section */

/* Begin PBXResourcesBuildPhase section */
		62FF84EF270C4B1600DFF70D /* Resources */ = {
			isa = PBXResourcesBuildPhase;
			buildActionMask = 2147483647;
			files = (
				62FF84FC270C4B1900DFF70D /* Preview Assets.xcassets in Resources */,
				62FF84F9270C4B1900DFF70D /* Assets.xcassets in Resources */,
			);
			runOnlyForDeploymentPostprocessing = 0;
		};
/* End PBXResourcesBuildPhase section */

/* Begin PBXSourcesBuildPhase section */
		62FF84ED270C4B1600DFF70D /* Sources */ = {
			isa = PBXSourcesBuildPhase;
			buildActionMask = 2147483647;
			files = (
				62FF8503270C4C3E00DFF70D /* PlaceList.swift in Sources */,
				62FF8512270C53F000DFF70D /* PlaceType.swift in Sources */,
				62FF8510270C53CA00DFF70D /* PlaceSearchView.swift in Sources */,
				62FF8516270C59AE00DFF70D /* LoadingView.swift in Sources */,
				62FF84F7270C4B1600DFF70D /* PlaceListsView.swift in Sources */,
				62FF852A270C833400DFF70D /* Secrets.swift in Sources */,
				62FF8522270C7D9200DFF70D /* VisitedPlaceListRow.swift in Sources */,
				62FF8518270C5F5800DFF70D /* ListDetailView.swift in Sources */,
				62FF850E270C4EA500DFF70D /* PlaceAPI.swift in Sources */,
				62FF851A270C604100DFF70D /* PlaceDetailView.swift in Sources */,
				62FF8520270C64F300DFF70D /* Visit.swift in Sources */,
				62FF84F5270C4B1600DFF70D /* XPLRRApp.swift in Sources */,
				62FF8514270C581000DFF70D /* RaisedButtonStyle.swift in Sources */,
				62FF8507270C4CE800DFF70D /* Database.swift in Sources */,
				62FF8505270C4C8300DFF70D /* Place.swift in Sources */,
				62FF851E270C63E100DFF70D /* VisitedPlaceList.swift in Sources */,
				62FF851C270C63AF00DFF70D /* VisitedPlace.swift in Sources */,
			);
			runOnlyForDeploymentPostprocessing = 0;
		};
/* End PBXSourcesBuildPhase section */

/* Begin XCBuildConfiguration section */
		62FF84FD270C4B1900DFF70D /* Debug */ = {
			isa = XCBuildConfiguration;
			buildSettings = {
				ALWAYS_SEARCH_USER_PATHS = NO;
				CLANG_ANALYZER_NONNULL = YES;
				CLANG_ANALYZER_NUMBER_OBJECT_CONVERSION = YES_AGGRESSIVE;
				CLANG_CXX_LANGUAGE_STANDARD = "gnu++17";
				CLANG_CXX_LIBRARY = "libc++";
				CLANG_ENABLE_MODULES = YES;
				CLANG_ENABLE_OBJC_ARC = YES;
				CLANG_ENABLE_OBJC_WEAK = YES;
				CLANG_WARN_BLOCK_CAPTURE_AUTORELEASING = YES;
				CLANG_WARN_BOOL_CONVERSION = YES;
				CLANG_WARN_COMMA = YES;
				CLANG_WARN_CONSTANT_CONVERSION = YES;
				CLANG_WARN_DEPRECATED_OBJC_IMPLEMENTATIONS = YES;
				CLANG_WARN_DIRECT_OBJC_ISA_USAGE = YES_ERROR;
				CLANG_WARN_DOCUMENTATION_COMMENTS = YES;
				CLANG_WARN_EMPTY_BODY = YES;
				CLANG_WARN_ENUM_CONVERSION = YES;
				CLANG_WARN_INFINITE_RECURSION = YES;
				CLANG_WARN_INT_CONVERSION = YES;
				CLANG_WARN_NON_LITERAL_NULL_CONVERSION = YES;
				CLANG_WARN_OBJC_IMPLICIT_RETAIN_SELF = YES;
				CLANG_WARN_OBJC_LITERAL_CONVERSION = YES;
				CLANG_WARN_OBJC_ROOT_CLASS = YES_ERROR;
				CLANG_WARN_QUOTED_INCLUDE_IN_FRAMEWORK_HEADER = YES;
				CLANG_WARN_RANGE_LOOP_ANALYSIS = YES;
				CLANG_WARN_STRICT_PROTOTYPES = YES;
				CLANG_WARN_SUSPICIOUS_MOVE = YES;
				CLANG_WARN_UNGUARDED_AVAILABILITY = YES_AGGRESSIVE;
				CLANG_WARN_UNREACHABLE_CODE = YES;
				CLANG_WARN__DUPLICATE_METHOD_MATCH = YES;
				COPY_PHASE_STRIP = NO;
				DEBUG_INFORMATION_FORMAT = dwarf;
				ENABLE_STRICT_OBJC_MSGSEND = YES;
				ENABLE_TESTABILITY = YES;
				GCC_C_LANGUAGE_STANDARD = gnu11;
				GCC_DYNAMIC_NO_PIC = NO;
				GCC_NO_COMMON_BLOCKS = YES;
				GCC_OPTIMIZATION_LEVEL = 0;
				GCC_PREPROCESSOR_DEFINITIONS = (
					"DEBUG=1",
					"$(inherited)",
				);
				GCC_WARN_64_TO_32_BIT_CONVERSION = YES;
				GCC_WARN_ABOUT_RETURN_TYPE = YES_ERROR;
				GCC_WARN_UNDECLARED_SELECTOR = YES;
				GCC_WARN_UNINITIALIZED_AUTOS = YES_AGGRESSIVE;
				GCC_WARN_UNUSED_FUNCTION = YES;
				GCC_WARN_UNUSED_VARIABLE = YES;
				IPHONEOS_DEPLOYMENT_TARGET = 15.0;
				MTL_ENABLE_DEBUG_INFO = INCLUDE_SOURCE;
				MTL_FAST_MATH = YES;
				ONLY_ACTIVE_ARCH = YES;
				SDKROOT = iphoneos;
				SWIFT_ACTIVE_COMPILATION_CONDITIONS = DEBUG;
				SWIFT_OPTIMIZATION_LEVEL = "-Onone";
			};
			name = Debug;
		};
		62FF84FE270C4B1900DFF70D /* Release */ = {
			isa = XCBuildConfiguration;
			buildSettings = {
				ALWAYS_SEARCH_USER_PATHS = NO;
				CLANG_ANALYZER_NONNULL = YES;
				CLANG_ANALYZER_NUMBER_OBJECT_CONVERSION = YES_AGGRESSIVE;
				CLANG_CXX_LANGUAGE_STANDARD = "gnu++17";
				CLANG_CXX_LIBRARY = "libc++";
				CLANG_ENABLE_MODULES = YES;
				CLANG_ENABLE_OBJC_ARC = YES;
				CLANG_ENABLE_OBJC_WEAK = YES;
				CLANG_WARN_BLOCK_CAPTURE_AUTORELEASING = YES;
				CLANG_WARN_BOOL_CONVERSION = YES;
				CLANG_WARN_COMMA = YES;
				CLANG_WARN_CONSTANT_CONVERSION = YES;
				CLANG_WARN_DEPRECATED_OBJC_IMPLEMENTATIONS = YES;
				CLANG_WARN_DIRECT_OBJC_ISA_USAGE = YES_ERROR;
				CLANG_WARN_DOCUMENTATION_COMMENTS = YES;
				CLANG_WARN_EMPTY_BODY = YES;
				CLANG_WARN_ENUM_CONVERSION = YES;
				CLANG_WARN_INFINITE_RECURSION = YES;
				CLANG_WARN_INT_CONVERSION = YES;
				CLANG_WARN_NON_LITERAL_NULL_CONVERSION = YES;
				CLANG_WARN_OBJC_IMPLICIT_RETAIN_SELF = YES;
				CLANG_WARN_OBJC_LITERAL_CONVERSION = YES;
				CLANG_WARN_OBJC_ROOT_CLASS = YES_ERROR;
				CLANG_WARN_QUOTED_INCLUDE_IN_FRAMEWORK_HEADER = YES;
				CLANG_WARN_RANGE_LOOP_ANALYSIS = YES;
				CLANG_WARN_STRICT_PROTOTYPES = YES;
				CLANG_WARN_SUSPICIOUS_MOVE = YES;
				CLANG_WARN_UNGUARDED_AVAILABILITY = YES_AGGRESSIVE;
				CLANG_WARN_UNREACHABLE_CODE = YES;
				CLANG_WARN__DUPLICATE_METHOD_MATCH = YES;
				COPY_PHASE_STRIP = NO;
				DEBUG_INFORMATION_FORMAT = "dwarf-with-dsym";
				ENABLE_NS_ASSERTIONS = NO;
				ENABLE_STRICT_OBJC_MSGSEND = YES;
				GCC_C_LANGUAGE_STANDARD = gnu11;
				GCC_NO_COMMON_BLOCKS = YES;
				GCC_WARN_64_TO_32_BIT_CONVERSION = YES;
				GCC_WARN_ABOUT_RETURN_TYPE = YES_ERROR;
				GCC_WARN_UNDECLARED_SELECTOR = YES;
				GCC_WARN_UNINITIALIZED_AUTOS = YES_AGGRESSIVE;
				GCC_WARN_UNUSED_FUNCTION = YES;
				GCC_WARN_UNUSED_VARIABLE = YES;
				IPHONEOS_DEPLOYMENT_TARGET = 15.0;
				MTL_ENABLE_DEBUG_INFO = NO;
				MTL_FAST_MATH = YES;
				SDKROOT = iphoneos;
				SWIFT_COMPILATION_MODE = wholemodule;
				SWIFT_OPTIMIZATION_LEVEL = "-O";
				VALIDATE_PRODUCT = YES;
			};
			name = Release;
		};
		62FF8500270C4B1900DFF70D /* Debug */ = {
			isa = XCBuildConfiguration;
			buildSettings = {
				ASSETCATALOG_COMPILER_APPICON_NAME = AppIcon;
				ASSETCATALOG_COMPILER_GLOBAL_ACCENT_COLOR_NAME = AccentColor;
				CODE_SIGN_STYLE = Automatic;
				CURRENT_PROJECT_VERSION = 1;
				DEVELOPMENT_ASSET_PATHS = "\"XPLRR/Preview Content\"";
				DEVELOPMENT_TEAM = 6CW3378X23;
				ENABLE_PREVIEWS = YES;
				GENERATE_INFOPLIST_FILE = YES;
				INFOPLIST_KEY_UIApplicationSceneManifest_Generation = YES;
				INFOPLIST_KEY_UIApplicationSupportsIndirectInputEvents = YES;
				INFOPLIST_KEY_UILaunchScreen_Generation = YES;
				INFOPLIST_KEY_UISupportedInterfaceOrientations_iPad = "UIInterfaceOrientationPortrait UIInterfaceOrientationPortraitUpsideDown UIInterfaceOrientationLandscapeLeft UIInterfaceOrientationLandscapeRight";
				INFOPLIST_KEY_UISupportedInterfaceOrientations_iPhone = "UIInterfaceOrientationPortrait UIInterfaceOrientationLandscapeLeft UIInterfaceOrientationLandscapeRight";
				IPHONEOS_DEPLOYMENT_TARGET = 15.0;
				LD_RUNPATH_SEARCH_PATHS = (
					"$(inherited)",
					"@executable_path/Frameworks",
				);
				MARKETING_VERSION = 1.0;
				PRODUCT_BUNDLE_IDENTIFIER = com.dylan.XPLRR;
				PRODUCT_NAME = "$(TARGET_NAME)";
				SWIFT_EMIT_LOC_STRINGS = YES;
				SWIFT_VERSION = 5.0;
				TARGETED_DEVICE_FAMILY = "1,2";
			};
			name = Debug;
		};
		62FF8501270C4B1900DFF70D /* Release */ = {
			isa = XCBuildConfiguration;
			buildSettings = {
				ASSETCATALOG_COMPILER_APPICON_NAME = AppIcon;
				ASSETCATALOG_COMPILER_GLOBAL_ACCENT_COLOR_NAME = AccentColor;
				CODE_SIGN_STYLE = Automatic;
				CURRENT_PROJECT_VERSION = 1;
				DEVELOPMENT_ASSET_PATHS = "\"XPLRR/Preview Content\"";
				DEVELOPMENT_TEAM = 6CW3378X23;
				ENABLE_PREVIEWS = YES;
				GENERATE_INFOPLIST_FILE = YES;
				INFOPLIST_KEY_UIApplicationSceneManifest_Generation = YES;
				INFOPLIST_KEY_UIApplicationSupportsIndirectInputEvents = YES;
				INFOPLIST_KEY_UILaunchScreen_Generation = YES;
				INFOPLIST_KEY_UISupportedInterfaceOrientations_iPad = "UIInterfaceOrientationPortrait UIInterfaceOrientationPortraitUpsideDown UIInterfaceOrientationLandscapeLeft UIInterfaceOrientationLandscapeRight";
				INFOPLIST_KEY_UISupportedInterfaceOrientations_iPhone = "UIInterfaceOrientationPortrait UIInterfaceOrientationLandscapeLeft UIInterfaceOrientationLandscapeRight";
				IPHONEOS_DEPLOYMENT_TARGET = 15.0;
				LD_RUNPATH_SEARCH_PATHS = (
					"$(inherited)",
					"@executable_path/Frameworks",
				);
				MARKETING_VERSION = 1.0;
				PRODUCT_BUNDLE_IDENTIFIER = com.dylan.XPLRR;
				PRODUCT_NAME = "$(TARGET_NAME)";
				SWIFT_EMIT_LOC_STRINGS = YES;
				SWIFT_VERSION = 5.0;
				TARGETED_DEVICE_FAMILY = "1,2";
			};
			name = Release;
		};
/* End XCBuildConfiguration section */

/* Begin XCConfigurationList section */
		62FF84EC270C4B1600DFF70D /* Build configuration list for PBXProject "XPLRR" */ = {
			isa = XCConfigurationList;
			buildConfigurations = (
				62FF84FD270C4B1900DFF70D /* Debug */,
				62FF84FE270C4B1900DFF70D /* Release */,
			);
			defaultConfigurationIsVisible = 0;
			defaultConfigurationName = Release;
		};
		62FF84FF270C4B1900DFF70D /* Build configuration list for PBXNativeTarget "XPLRR" */ = {
			isa = XCConfigurationList;
			buildConfigurations = (
				62FF8500270C4B1900DFF70D /* Debug */,
				62FF8501270C4B1900DFF70D /* Release */,
			);
			defaultConfigurationIsVisible = 0;
			defaultConfigurationName = Release;
		};
/* End XCConfigurationList section */

/* Begin XCRemoteSwiftPackageReference section */
		62FF850A270C4DF200DFF70D /* XCRemoteSwiftPackageReference "GoogleMaps-SP" */ = {
			isa = XCRemoteSwiftPackageReference;
			repositoryURL = "https://github.com/YAtechnologies/GoogleMaps-SP.git";
			requirement = {
				kind = upToNextMajorVersion;
				minimumVersion = 5.0.0;
			};
		};
/* End XCRemoteSwiftPackageReference section */

/* Begin XCSwiftPackageProductDependency section */
		62FF850B270C4DF200DFF70D /* GooglePlaces */ = {
			isa = XCSwiftPackageProductDependency;
			package = 62FF850A270C4DF200DFF70D /* XCRemoteSwiftPackageReference "GoogleMaps-SP" */;
			productName = GooglePlaces;
		};
/* End XCSwiftPackageProductDependency section */
	};
	rootObject = 62FF84E9270C4B1600DFF70D /* Project object */;
}
